<?xml version="1.0" encoding="UTF-8" standalone="yes" ?>
<CodeBlocks_project_file>
	<FileVersion major="1" minor="6" />
	<Project>
		<Option title="interpolator" />
		<Option pch_mode="2" />
		<Option compiler="gcc" />
		<Build>
			<Target title="Debug">
				<Option output="../../bin/Debug/interpolator" prefix_auto="1" extension_auto="1" />
				<Option object_output="../../obj/Debug/" />
				<Option type="1" />
				<Option compiler="gcc" />
				<Option projectLinkerOptionsRelation="2" />
				<Compiler>
					<Add option="-Og" />
				</Compiler>
				<Linker>
					<Add option="../../bin/Debug/libmesh.a" />
					<Add option="../../bin/Debug/libgeometryGeneration.a" />
					<Add option="../../bin/Debug/libfileManagement.a" />
					<Add option="../../bin/Debug/libmathUtils.a" />
				</Linker>
			</Target>
			<Target title="Release">
				<Option output="../../bin/Release/interpolator" prefix_auto="1" extension_auto="1" />
				<Option object_output="../../obj/Release/" />
				<Option type="1" />
				<Option compiler="gcc" />
				<Option projectLinkerOptionsRelation="2" />
				<Compiler>
					<Add option="-march=corei7-avx" />
					<Add option="-fexpensive-optimizations" />
					<Add option="-O3" />
					<Add option="-m128bit-long-double" />
					<Add option="-funroll-loops" />
					<Add option="-DEIGEN_NO_DEBUG" />
				</Compiler>
				<Linker>
					<Add option="-s" />
					<Add option="../../bin/Release/libmesh.a" />
					<Add option="../../bin/Release/libgeometryGeneration.a" />
					<Add option="../../bin/Release/libfileManagement.a" />
					<Add option="../../bin/Release/libmathUtils.a" />
				</Linker>
			</Target>
		</Build>
		<Compiler>
			<Add option="-Wall" />
			<Add option="-std=c++11" />
			<Add option="-m64" />
			<Add option="-fopenmp" />
			<Add option="-fexceptions" />
			<Add option="-ftemplate-backtrace-limit=0" />
			<Add option="-Wno-int-in-bool-context" />
			<Add option="-DEIGEN_FAST_MATH=0" />
			<Add directory="../../lib/fileManagement/src" />
			<Add directory="../../lib/mathUtils/src" />
			<Add directory="../../lib/geometry/src" />
			<Add directory="../../lib/mesh/src" />
			<Add directory="../../ext/Eigen" />
		</Compiler>
		<Linker>
			<Add option="-m64" />
			<Add option="-fopenmp" />
		</Linker>
		<Unit filename="src/interpolator.cpp" />
		<Extensions>
			<code_completion />
			<debugger />
			<envvars />
		</Extensions>
	</Project>
</CodeBlocks_project_file>
